// !$*UTF8*$!
{
	archiveVersion = 1;
	classes = {
	};
	objectVersion = 46;
	objects = {

/* Begin PBXBuildFile section */
		6A07E2AB1D1B86DA0051CADC /* TYBaseViewController.m in Sources */ = {isa = PBXBuildFile; fileRef = 6A07E2AA1D1B86DA0051CADC /* TYBaseViewController.m */; };
		6A20CA9E1D16AD6F001B0C13 /* TYFriendTrendVC.xib in Resources */ = {isa = PBXBuildFile; fileRef = 6A20CA9D1D16AD6F001B0C13 /* TYFriendTrendVC.xib */; };
		6A20CAA21D16B3C7001B0C13 /* TYLoginRegisterViewController.m in Sources */ = {isa = PBXBuildFile; fileRef = 6A20CAA01D16B3C7001B0C13 /* TYLoginRegisterViewController.m */; };
		6A20CAA31D16B3C7001B0C13 /* TYLoginRegisterViewController.xib in Resources */ = {isa = PBXBuildFile; fileRef = 6A20CAA11D16B3C7001B0C13 /* TYLoginRegisterViewController.xib */; };
		6A20CAA91D16B9F7001B0C13 /* TYLoginRegisterView.m in Sources */ = {isa = PBXBuildFile; fileRef = 6A20CAA81D16B9F7001B0C13 /* TYLoginRegisterView.m */; };
		6A20CAAB1D16BA0D001B0C13 /* TYLoginRegisterView.xib in Resources */ = {isa = PBXBuildFile; fileRef = 6A20CAAA1D16BA0D001B0C13 /* TYLoginRegisterView.xib */; };
		6A20CAAE1D16D882001B0C13 /* UITextField+PlaceHolderColor.m in Sources */ = {isa = PBXBuildFile; fileRef = 6A20CAAD1D16D882001B0C13 /* UITextField+PlaceHolderColor.m */; };
		6A20CAB11D16D998001B0C13 /* TYFastLogin.m in Sources */ = {isa = PBXBuildFile; fileRef = 6A20CAB01D16D998001B0C13 /* TYFastLogin.m */; };
		6A20CAB51D16D9B9001B0C13 /* TYFastLogin.xib in Resources */ = {isa = PBXBuildFile; fileRef = 6A20CAB41D16D9B9001B0C13 /* TYFastLogin.xib */; };
		6A20CAB81D16DA7D001B0C13 /* TYFastLoginButton.m in Sources */ = {isa = PBXBuildFile; fileRef = 6A20CAB71D16DA7D001B0C13 /* TYFastLoginButton.m */; };
		6A33AC071D10603F00AAFBBF /* UIImage+Image.m in Sources */ = {isa = PBXBuildFile; fileRef = 6A33AC061D10603F00AAFBBF /* UIImage+Image.m */; };
		6A37FF251D13DE4B00DD896F /* TYADViewController.m in Sources */ = {isa = PBXBuildFile; fileRef = 6A37FF241D13DE4B00DD896F /* TYADViewController.m */; };
		6A37FF271D13DE7900DD896F /* TYADViewController.xib in Resources */ = {isa = PBXBuildFile; fileRef = 6A37FF261D13DE7900DD896F /* TYADViewController.xib */; };
		6A3C51D61D15A1E50047AC4E /* TYSubTagViewController.m in Sources */ = {isa = PBXBuildFile; fileRef = 6A3C51D51D15A1E50047AC4E /* TYSubTagViewController.m */; };
		6A3C51DA1D15A81F0047AC4E /* TYTableViewCell.m in Sources */ = {isa = PBXBuildFile; fileRef = 6A3C51D81D15A81F0047AC4E /* TYTableViewCell.m */; };
		6A3C51DB1D15A81F0047AC4E /* TYTableViewCell.xib in Resources */ = {isa = PBXBuildFile; fileRef = 6A3C51D91D15A81F0047AC4E /* TYTableViewCell.xib */; };
		6A3C51DE1D15B0910047AC4E /* TYSubTagItem.m in Sources */ = {isa = PBXBuildFile; fileRef = 6A3C51DD1D15B0910047AC4E /* TYSubTagItem.m */; };
		6A4CDF711D1E96C500B0EE20 /* TYThemeCell.m in Sources */ = {isa = PBXBuildFile; fileRef = 6A4CDF6F1D1E96C500B0EE20 /* TYThemeCell.m */; };
		6A4CDF751D1E9A3100B0EE20 /* TYThemeItem.m in Sources */ = {isa = PBXBuildFile; fileRef = 6A4CDF741D1E9A3100B0EE20 /* TYThemeItem.m */; };
		6A4CDF811D1EA05B00B0EE20 /* TYThemeTopView.m in Sources */ = {isa = PBXBuildFile; fileRef = 6A4CDF7F1D1EA05B00B0EE20 /* TYThemeTopView.m */; };
		6A4CDF821D1EA05B00B0EE20 /* TYThemeTopView.xib in Resources */ = {isa = PBXBuildFile; fileRef = 6A4CDF801D1EA05B00B0EE20 /* TYThemeTopView.xib */; };
		6A5548661D156B7900198464 /* LaunchImage-568h@2x.png in Resources */ = {isa = PBXBuildFile; fileRef = 6A55485F1D156B7900198464 /* LaunchImage-568h@2x.png */; };
		6A5548671D156B7900198464 /* LaunchImage-700-568h@2x.png in Resources */ = {isa = PBXBuildFile; fileRef = 6A5548601D156B7900198464 /* LaunchImage-700-568h@2x.png */; };
		6A5548681D156B7900198464 /* LaunchImage-700@2x.png in Resources */ = {isa = PBXBuildFile; fileRef = 6A5548611D156B7900198464 /* LaunchImage-700@2x.png */; };
		6A5548691D156B7900198464 /* LaunchImage-800-667h@2x.png in Resources */ = {isa = PBXBuildFile; fileRef = 6A5548621D156B7900198464 /* LaunchImage-800-667h@2x.png */; };
		6A55486A1D156B7900198464 /* LaunchImage-800-Portrait-736h@3x.png in Resources */ = {isa = PBXBuildFile; fileRef = 6A5548631D156B7900198464 /* LaunchImage-800-Portrait-736h@3x.png */; };
		6A55486B1D156B7900198464 /* LaunchImage.png in Resources */ = {isa = PBXBuildFile; fileRef = 6A5548641D156B7900198464 /* LaunchImage.png */; };
		6A55486C1D156B7900198464 /* LaunchImage@2x.png in Resources */ = {isa = PBXBuildFile; fileRef = 6A5548651D156B7900198464 /* LaunchImage@2x.png */; };
		6A55486F1D15762C00198464 /* TYADItem.m in Sources */ = {isa = PBXBuildFile; fileRef = 6A55486E1D15762C00198464 /* TYADItem.m */; };
		6A56FE5E1D1176E100AAC1E3 /* UIView+Frame.m in Sources */ = {isa = PBXBuildFile; fileRef = 6A56FE5D1D1176E100AAC1E3 /* UIView+Frame.m */; };
		6A56FE621D1182C400AAC1E3 /* UIBarButtonItem+item.m in Sources */ = {isa = PBXBuildFile; fileRef = 6A56FE611D1182C400AAC1E3 /* UIBarButtonItem+item.m */; };
		6A56FE651D1196AE00AAC1E3 /* TYNavigationController.m in Sources */ = {isa = PBXBuildFile; fileRef = 6A56FE641D1196AE00AAC1E3 /* TYNavigationController.m */; };
		6A6CEAB51D19539200780CE2 /* TYWebViewController.m in Sources */ = {isa = PBXBuildFile; fileRef = 6A6CEAB31D19539200780CE2 /* TYWebViewController.m */; };
		6A6CEAB61D19539200780CE2 /* TYWebViewController.xib in Resources */ = {isa = PBXBuildFile; fileRef = 6A6CEAB41D19539200780CE2 /* TYWebViewController.xib */; };
		6A85946F1D11ACC20005637F /* TYSettingController.m in Sources */ = {isa = PBXBuildFile; fileRef = 6A85946E1D11ACC20005637F /* TYSettingController.m */; };
		6AE887361D1A29FC00A99EAB /* TYFileManger.m in Sources */ = {isa = PBXBuildFile; fileRef = 6AE887351D1A29FC00A99EAB /* TYFileManger.m */; };
		6AE8873A1D1AAD6E00A99EAB /* TYAllViewController.m in Sources */ = {isa = PBXBuildFile; fileRef = 6AE887391D1AAD6E00A99EAB /* TYAllViewController.m */; };
		6AE8873D1D1AAD9300A99EAB /* TYVideoViewController.m in Sources */ = {isa = PBXBuildFile; fileRef = 6AE8873C1D1AAD9300A99EAB /* TYVideoViewController.m */; };
		6AE887401D1AADAA00A99EAB /* TYVoiceViewController.m in Sources */ = {isa = PBXBuildFile; fileRef = 6AE8873F1D1AADAA00A99EAB /* TYVoiceViewController.m */; };
		6AE887431D1AADDD00A99EAB /* TYPictureViewController.m in Sources */ = {isa = PBXBuildFile; fileRef = 6AE887421D1AADDD00A99EAB /* TYPictureViewController.m */; };
		6AE887461D1AADEC00A99EAB /* TYTextViewController.m in Sources */ = {isa = PBXBuildFile; fileRef = 6AE887451D1AADEC00A99EAB /* TYTextViewController.m */; };
		6AEDF16C1D1777730024A778 /* TYTextField.m in Sources */ = {isa = PBXBuildFile; fileRef = 6AEDF16B1D1777730024A778 /* TYTextField.m */; };
		6AEDF16E1D1789F80024A778 /* TYMeVC.storyboard in Resources */ = {isa = PBXBuildFile; fileRef = 6AEDF16D1D1789F80024A778 /* TYMeVC.storyboard */; };
		6AEDF1721D179F780024A778 /* TYSquareCell.m in Sources */ = {isa = PBXBuildFile; fileRef = 6AEDF1701D179F780024A778 /* TYSquareCell.m */; };
		6AEDF1731D179F780024A778 /* TYSquareCell.xib in Resources */ = {isa = PBXBuildFile; fileRef = 6AEDF1711D179F780024A778 /* TYSquareCell.xib */; };
		6AEDF1761D17CB920024A778 /* TYSquareItem.m in Sources */ = {isa = PBXBuildFile; fileRef = 6AEDF1751D17CB920024A778 /* TYSquareItem.m */; };
		6AF967611D1019B5005AF466 /* Assets.xcassets in Resources */ = {isa = PBXBuildFile; fileRef = 6AF967601D1019B5005AF466 /* Assets.xcassets */; };
		6AF967641D1019B5005AF466 /* LaunchScreen.storyboard in Resources */ = {isa = PBXBuildFile; fileRef = 6AF967621D1019B5005AF466 /* LaunchScreen.storyboard */; };
		6AF9678B1D102CFA005AF466 /* AppDelegate.m in Sources */ = {isa = PBXBuildFile; fileRef = 6AF967841D102CFA005AF466 /* AppDelegate.m */; };
		6AF9678C1D102CFA005AF466 /* main.m in Sources */ = {isa = PBXBuildFile; fileRef = 6AF967851D102CFA005AF466 /* main.m */; };
		6AF9678F1D102DBE005AF466 /* TYTabBarController.m in Sources */ = {isa = PBXBuildFile; fileRef = 6AF9678E1D102DBE005AF466 /* TYTabBarController.m */; };
		6AF967951D102F2C005AF466 /* TYEssenceVC.m in Sources */ = {isa = PBXBuildFile; fileRef = 6AF967941D102F2C005AF466 /* TYEssenceVC.m */; };
		6AF967981D102F4A005AF466 /* TYFriendTrendVC.m in Sources */ = {isa = PBXBuildFile; fileRef = 6AF967971D102F4A005AF466 /* TYFriendTrendVC.m */; };
		6AF9679B1D102F6C005AF466 /* TYNewVC.m in Sources */ = {isa = PBXBuildFile; fileRef = 6AF9679A1D102F6C005AF466 /* TYNewVC.m */; };
		6AF9679E1D103056005AF466 /* TYPublishVC.m in Sources */ = {isa = PBXBuildFile; fileRef = 6AF9679D1D103056005AF466 /* TYPublishVC.m */; };
		6AF967A11D1030F4005AF466 /* TYMeVC.m in Sources */ = {isa = PBXBuildFile; fileRef = 6AF967A01D1030F4005AF466 /* TYMeVC.m */; };
		A4BB042DF0A9C12026E9CBED /* libPods-baisiAPP.a in Frameworks */ = {isa = PBXBuildFile; fileRef = F8E2218006BE64D37E0421F9 /* libPods-baisiAPP.a */; };
/* End PBXBuildFile section */

/* Begin PBXFileReference section */
		6A07E2A91D1B86DA0051CADC /* TYBaseViewController.h */ = {isa = PBXFileReference; fileEncoding = 4; lastKnownFileType = sourcecode.c.h; path = TYBaseViewController.h; sourceTree = "<group>"; };
		6A07E2AA1D1B86DA0051CADC /* TYBaseViewController.m */ = {isa = PBXFileReference; fileEncoding = 4; lastKnownFileType = sourcecode.c.objc; path = TYBaseViewController.m; sourceTree = "<group>"; };
		6A20CA9D1D16AD6F001B0C13 /* TYFriendTrendVC.xib */ = {isa = PBXFileReference; fileEncoding = 4; lastKnownFileType = file.xib; path = TYFriendTrendVC.xib; sourceTree = "<group>"; };
		6A20CA9F1D16B3C7001B0C13 /* TYLoginRegisterViewController.h */ = {isa = PBXFileReference; fileEncoding = 4; lastKnownFileType = sourcecode.c.h; path = TYLoginRegisterViewController.h; sourceTree = "<group>"; };
		6A20CAA01D16B3C7001B0C13 /* TYLoginRegisterViewController.m */ = {isa = PBXFileReference; fileEncoding = 4; lastKnownFileType = sourcecode.c.objc; path = TYLoginRegisterViewController.m; sourceTree = "<group>"; };
		6A20CAA11D16B3C7001B0C13 /* TYLoginRegisterViewController.xib */ = {isa = PBXFileReference; fileEncoding = 4; lastKnownFileType = file.xib; path = TYLoginRegisterViewController.xib; sourceTree = "<group>"; };
		6A20CAA71D16B9F7001B0C13 /* TYLoginRegisterView.h */ = {isa = PBXFileReference; fileEncoding = 4; lastKnownFileType = sourcecode.c.h; path = TYLoginRegisterView.h; sourceTree = "<group>"; };
		6A20CAA81D16B9F7001B0C13 /* TYLoginRegisterView.m */ = {isa = PBXFileReference; fileEncoding = 4; lastKnownFileType = sourcecode.c.objc; path = TYLoginRegisterView.m; sourceTree = "<group>"; };
		6A20CAAA1D16BA0D001B0C13 /* TYLoginRegisterView.xib */ = {isa = PBXFileReference; fileEncoding = 4; lastKnownFileType = file.xib; path = TYLoginRegisterView.xib; sourceTree = "<group>"; };
		6A20CAAC1D16D882001B0C13 /* UITextField+PlaceHolderColor.h */ = {isa = PBXFileReference; fileEncoding = 4; lastKnownFileType = sourcecode.c.h; path = "UITextField+PlaceHolderColor.h"; sourceTree = "<group>"; };
		6A20CAAD1D16D882001B0C13 /* UITextField+PlaceHolderColor.m */ = {isa = PBXFileReference; fileEncoding = 4; lastKnownFileType = sourcecode.c.objc; path = "UITextField+PlaceHolderColor.m"; sourceTree = "<group>"; };
		6A20CAAF1D16D998001B0C13 /* TYFastLogin.h */ = {isa = PBXFileReference; fileEncoding = 4; lastKnownFileType = sourcecode.c.h; path = TYFastLogin.h; sourceTree = "<group>"; };
		6A20CAB01D16D998001B0C13 /* TYFastLogin.m */ = {isa = PBXFileReference; fileEncoding = 4; lastKnownFileType = sourcecode.c.objc; path = TYFastLogin.m; sourceTree = "<group>"; };
		6A20CAB41D16D9B9001B0C13 /* TYFastLogin.xib */ = {isa = PBXFileReference; fileEncoding = 4; lastKnownFileType = file.xib; path = TYFastLogin.xib; sourceTree = "<group>"; };
		6A20CAB61D16DA7D001B0C13 /* TYFastLoginButton.h */ = {isa = PBXFileReference; fileEncoding = 4; lastKnownFileType = sourcecode.c.h; path = TYFastLoginButton.h; sourceTree = "<group>"; };
		6A20CAB71D16DA7D001B0C13 /* TYFastLoginButton.m */ = {isa = PBXFileReference; fileEncoding = 4; lastKnownFileType = sourcecode.c.objc; path = TYFastLoginButton.m; sourceTree = "<group>"; };
		6A33AC051D10603F00AAFBBF /* UIImage+Image.h */ = {isa = PBXFileReference; fileEncoding = 4; lastKnownFileType = sourcecode.c.h; path = "UIImage+Image.h"; sourceTree = "<group>"; };
		6A33AC061D10603F00AAFBBF /* UIImage+Image.m */ = {isa = PBXFileReference; fileEncoding = 4; lastKnownFileType = sourcecode.c.objc; path = "UIImage+Image.m"; sourceTree = "<group>"; };
		6A37FF231D13DE4B00DD896F /* TYADViewController.h */ = {isa = PBXFileReference; fileEncoding = 4; lastKnownFileType = sourcecode.c.h; path = TYADViewController.h; sourceTree = "<group>"; };
		6A37FF241D13DE4B00DD896F /* TYADViewController.m */ = {isa = PBXFileReference; fileEncoding = 4; lastKnownFileType = sourcecode.c.objc; path = TYADViewController.m; sourceTree = "<group>"; };
		6A37FF261D13DE7900DD896F /* TYADViewController.xib */ = {isa = PBXFileReference; fileEncoding = 4; lastKnownFileType = file.xib; path = TYADViewController.xib; sourceTree = "<group>"; };
		6A3C51D41D15A1E50047AC4E /* TYSubTagViewController.h */ = {isa = PBXFileReference; fileEncoding = 4; lastKnownFileType = sourcecode.c.h; path = TYSubTagViewController.h; sourceTree = "<group>"; };
		6A3C51D51D15A1E50047AC4E /* TYSubTagViewController.m */ = {isa = PBXFileReference; fileEncoding = 4; lastKnownFileType = sourcecode.c.objc; path = TYSubTagViewController.m; sourceTree = "<group>"; };
		6A3C51D71D15A81F0047AC4E /* TYTableViewCell.h */ = {isa = PBXFileReference; fileEncoding = 4; lastKnownFileType = sourcecode.c.h; path = TYTableViewCell.h; sourceTree = "<group>"; };
		6A3C51D81D15A81F0047AC4E /* TYTableViewCell.m */ = {isa = PBXFileReference; fileEncoding = 4; lastKnownFileType = sourcecode.c.objc; path = TYTableViewCell.m; sourceTree = "<group>"; };
		6A3C51D91D15A81F0047AC4E /* TYTableViewCell.xib */ = {isa = PBXFileReference; fileEncoding = 4; lastKnownFileType = file.xib; path = TYTableViewCell.xib; sourceTree = "<group>"; };
		6A3C51DC1D15B0910047AC4E /* TYSubTagItem.h */ = {isa = PBXFileReference; fileEncoding = 4; lastKnownFileType = sourcecode.c.h; path = TYSubTagItem.h; sourceTree = "<group>"; };
		6A3C51DD1D15B0910047AC4E /* TYSubTagItem.m */ = {isa = PBXFileReference; fileEncoding = 4; lastKnownFileType = sourcecode.c.objc; path = TYSubTagItem.m; sourceTree = "<group>"; };
		6A4CDF6E1D1E96C500B0EE20 /* TYThemeCell.h */ = {isa = PBXFileReference; fileEncoding = 4; lastKnownFileType = sourcecode.c.h; path = TYThemeCell.h; sourceTree = "<group>"; };
		6A4CDF6F1D1E96C500B0EE20 /* TYThemeCell.m */ = {isa = PBXFileReference; fileEncoding = 4; lastKnownFileType = sourcecode.c.objc; path = TYThemeCell.m; sourceTree = "<group>"; };
		6A4CDF731D1E9A3100B0EE20 /* TYThemeItem.h */ = {isa = PBXFileReference; fileEncoding = 4; lastKnownFileType = sourcecode.c.h; path = TYThemeItem.h; sourceTree = "<group>"; };
		6A4CDF741D1E9A3100B0EE20 /* TYThemeItem.m */ = {isa = PBXFileReference; fileEncoding = 4; lastKnownFileType = sourcecode.c.objc; path = TYThemeItem.m; sourceTree = "<group>"; };
		6A4CDF7E1D1EA05B00B0EE20 /* TYThemeTopView.h */ = {isa = PBXFileReference; fileEncoding = 4; lastKnownFileType = sourcecode.c.h; path = TYThemeTopView.h; sourceTree = "<group>"; };
		6A4CDF7F1D1EA05B00B0EE20 /* TYThemeTopView.m */ = {isa = PBXFileReference; fileEncoding = 4; lastKnownFileType = sourcecode.c.objc; path = TYThemeTopView.m; sourceTree = "<group>"; };
		6A4CDF801D1EA05B00B0EE20 /* TYThemeTopView.xib */ = {isa = PBXFileReference; fileEncoding = 4; lastKnownFileType = file.xib; path = TYThemeTopView.xib; sourceTree = "<group>"; };
		6A55485F1D156B7900198464 /* LaunchImage-568h@2x.png */ = {isa = PBXFileReference; lastKnownFileType = image.png; path = "LaunchImage-568h@2x.png"; sourceTree = "<group>"; };
		6A5548601D156B7900198464 /* LaunchImage-700-568h@2x.png */ = {isa = PBXFileReference; lastKnownFileType = image.png; path = "LaunchImage-700-568h@2x.png"; sourceTree = "<group>"; };
		6A5548611D156B7900198464 /* LaunchImage-700@2x.png */ = {isa = PBXFileReference; lastKnownFileType = image.png; path = "LaunchImage-700@2x.png"; sourceTree = "<group>"; };
		6A5548621D156B7900198464 /* LaunchImage-800-667h@2x.png */ = {isa = PBXFileReference; lastKnownFileType = image.png; path = "LaunchImage-800-667h@2x.png"; sourceTree = "<group>"; };
		6A5548631D156B7900198464 /* LaunchImage-800-Portrait-736h@3x.png */ = {isa = PBXFileReference; lastKnownFileType = image.png; path = "LaunchImage-800-Portrait-736h@3x.png"; sourceTree = "<group>"; };
		6A5548641D156B7900198464 /* LaunchImage.png */ = {isa = PBXFileReference; lastKnownFileType = image.png; path = LaunchImage.png; sourceTree = "<group>"; };
		6A5548651D156B7900198464 /* LaunchImage@2x.png */ = {isa = PBXFileReference; lastKnownFileType = image.png; path = "LaunchImage@2x.png"; sourceTree = "<group>"; };
		6A55486D1D15762C00198464 /* TYADItem.h */ = {isa = PBXFileReference; fileEncoding = 4; lastKnownFileType = sourcecode.c.h; path = TYADItem.h; sourceTree = "<group>"; };
		6A55486E1D15762C00198464 /* TYADItem.m */ = {isa = PBXFileReference; fileEncoding = 4; lastKnownFileType = sourcecode.c.objc; path = TYADItem.m; sourceTree = "<group>"; };
		6A56FE5C1D1176E100AAC1E3 /* UIView+Frame.h */ = {isa = PBXFileReference; fileEncoding = 4; lastKnownFileType = sourcecode.c.h; path = "UIView+Frame.h"; sourceTree = "<group>"; };
		6A56FE5D1D1176E100AAC1E3 /* UIView+Frame.m */ = {isa = PBXFileReference; fileEncoding = 4; lastKnownFileType = sourcecode.c.objc; path = "UIView+Frame.m"; sourceTree = "<group>"; };
		6A56FE5F1D11787800AAC1E3 /* baisiAPP.pch */ = {isa = PBXFileReference; lastKnownFileType = sourcecode.c.h; path = baisiAPP.pch; sourceTree = "<group>"; };
		6A56FE601D1182C400AAC1E3 /* UIBarButtonItem+item.h */ = {isa = PBXFileReference; fileEncoding = 4; lastKnownFileType = sourcecode.c.h; path = "UIBarButtonItem+item.h"; sourceTree = "<group>"; };
		6A56FE611D1182C400AAC1E3 /* UIBarButtonItem+item.m */ = {isa = PBXFileReference; fileEncoding = 4; lastKnownFileType = sourcecode.c.objc; path = "UIBarButtonItem+item.m"; sourceTree = "<group>"; };
		6A56FE631D1196AE00AAC1E3 /* TYNavigationController.h */ = {isa = PBXFileReference; fileEncoding = 4; lastKnownFileType = sourcecode.c.h; path = TYNavigationController.h; sourceTree = "<group>"; };
		6A56FE641D1196AE00AAC1E3 /* TYNavigationController.m */ = {isa = PBXFileReference; fileEncoding = 4; lastKnownFileType = sourcecode.c.objc; path = TYNavigationController.m; sourceTree = "<group>"; };
		6A6CEAB21D19539200780CE2 /* TYWebViewController.h */ = {isa = PBXFileReference; fileEncoding = 4; lastKnownFileType = sourcecode.c.h; path = TYWebViewController.h; sourceTree = "<group>"; };
		6A6CEAB31D19539200780CE2 /* TYWebViewController.m */ = {isa = PBXFileReference; fileEncoding = 4; lastKnownFileType = sourcecode.c.objc; path = TYWebViewController.m; sourceTree = "<group>"; };
		6A6CEAB41D19539200780CE2 /* TYWebViewController.xib */ = {isa = PBXFileReference; fileEncoding = 4; lastKnownFileType = file.xib; path = TYWebViewController.xib; sourceTree = "<group>"; };
		6A85946D1D11ACC20005637F /* TYSettingController.h */ = {isa = PBXFileReference; fileEncoding = 4; lastKnownFileType = sourcecode.c.h; path = TYSettingController.h; sourceTree = "<group>"; };
		6A85946E1D11ACC20005637F /* TYSettingController.m */ = {isa = PBXFileReference; fileEncoding = 4; lastKnownFileType = sourcecode.c.objc; path = TYSettingController.m; sourceTree = "<group>"; };
		6AE887341D1A29FC00A99EAB /* TYFileManger.h */ = {isa = PBXFileReference; fileEncoding = 4; lastKnownFileType = sourcecode.c.h; path = TYFileManger.h; sourceTree = "<group>"; };
		6AE887351D1A29FC00A99EAB /* TYFileManger.m */ = {isa = PBXFileReference; fileEncoding = 4; lastKnownFileType = sourcecode.c.objc; path = TYFileManger.m; sourceTree = "<group>"; };
		6AE887381D1AAD6E00A99EAB /* TYAllViewController.h */ = {isa = PBXFileReference; fileEncoding = 4; lastKnownFileType = sourcecode.c.h; path = TYAllViewController.h; sourceTree = "<group>"; };
		6AE887391D1AAD6E00A99EAB /* TYAllViewController.m */ = {isa = PBXFileReference; fileEncoding = 4; lastKnownFileType = sourcecode.c.objc; path = TYAllViewController.m; sourceTree = "<group>"; };
		6AE8873B1D1AAD9300A99EAB /* TYVideoViewController.h */ = {isa = PBXFileReference; fileEncoding = 4; lastKnownFileType = sourcecode.c.h; path = TYVideoViewController.h; sourceTree = "<group>"; };
		6AE8873C1D1AAD9300A99EAB /* TYVideoViewController.m */ = {isa = PBXFileReference; fileEncoding = 4; lastKnownFileType = sourcecode.c.objc; path = TYVideoViewController.m; sourceTree = "<group>"; };
		6AE8873E1D1AADAA00A99EAB /* TYVoiceViewController.h */ = {isa = PBXFileReference; fileEncoding = 4; lastKnownFileType = sourcecode.c.h; path = TYVoiceViewController.h; sourceTree = "<group>"; };
		6AE8873F1D1AADAA00A99EAB /* TYVoiceViewController.m */ = {isa = PBXFileReference; fileEncoding = 4; lastKnownFileType = sourcecode.c.objc; path = TYVoiceViewController.m; sourceTree = "<group>"; };
		6AE887411D1AADDD00A99EAB /* TYPictureViewController.h */ = {isa = PBXFileReference; fileEncoding = 4; lastKnownFileType = sourcecode.c.h; path = TYPictureViewController.h; sourceTree = "<group>"; };
		6AE887421D1AADDD00A99EAB /* TYPictureViewController.m */ = {isa = PBXFileReference; fileEncoding = 4; lastKnownFileType = sourcecode.c.objc; path = TYPictureViewController.m; sourceTree = "<group>"; };
		6AE887441D1AADEC00A99EAB /* TYTextViewController.h */ = {isa = PBXFileReference; fileEncoding = 4; lastKnownFileType = sourcecode.c.h; path = TYTextViewController.h; sourceTree = "<group>"; };
		6AE887451D1AADEC00A99EAB /* TYTextViewController.m */ = {isa = PBXFileReference; fileEncoding = 4; lastKnownFileType = sourcecode.c.objc; path = TYTextViewController.m; sourceTree = "<group>"; };
		6AEDF16A1D1777730024A778 /* TYTextField.h */ = {isa = PBXFileReference; fileEncoding = 4; lastKnownFileType = sourcecode.c.h; path = TYTextField.h; sourceTree = "<group>"; };
		6AEDF16B1D1777730024A778 /* TYTextField.m */ = {isa = PBXFileReference; fileEncoding = 4; lastKnownFileType = sourcecode.c.objc; path = TYTextField.m; sourceTree = "<group>"; };
		6AEDF16D1D1789F80024A778 /* TYMeVC.storyboard */ = {isa = PBXFileReference; fileEncoding = 4; lastKnownFileType = file.storyboard; path = TYMeVC.storyboard; sourceTree = "<group>"; };
		6AEDF16F1D179F780024A778 /* TYSquareCell.h */ = {isa = PBXFileReference; fileEncoding = 4; lastKnownFileType = sourcecode.c.h; path = TYSquareCell.h; sourceTree = "<group>"; };
		6AEDF1701D179F780024A778 /* TYSquareCell.m */ = {isa = PBXFileReference; fileEncoding = 4; lastKnownFileType = sourcecode.c.objc; path = TYSquareCell.m; sourceTree = "<group>"; };
		6AEDF1711D179F780024A778 /* TYSquareCell.xib */ = {isa = PBXFileReference; fileEncoding = 4; lastKnownFileType = file.xib; path = TYSquareCell.xib; sourceTree = "<group>"; };
		6AEDF1741D17CB920024A778 /* TYSquareItem.h */ = {isa = PBXFileReference; fileEncoding = 4; lastKnownFileType = sourcecode.c.h; path = TYSquareItem.h; sourceTree = "<group>"; };
		6AEDF1751D17CB920024A778 /* TYSquareItem.m */ = {isa = PBXFileReference; fileEncoding = 4; lastKnownFileType = sourcecode.c.objc; path = TYSquareItem.m; sourceTree = "<group>"; };
		6AF967511D1019B4005AF466 /* baisiAPP.app */ = {isa = PBXFileReference; explicitFileType = wrapper.application; includeInIndex = 0; path = baisiAPP.app; sourceTree = BUILT_PRODUCTS_DIR; };
		6AF967601D1019B5005AF466 /* Assets.xcassets */ = {isa = PBXFileReference; lastKnownFileType = folder.assetcatalog; path = Assets.xcassets; sourceTree = "<group>"; };
		6AF967631D1019B5005AF466 /* Base */ = {isa = PBXFileReference; lastKnownFileType = file.storyboard; name = Base; path = Base.lproj/LaunchScreen.storyboard; sourceTree = "<group>"; };
		6AF967651D1019B5005AF466 /* Info.plist */ = {isa = PBXFileReference; lastKnownFileType = text.plist.xml; path = Info.plist; sourceTree = "<group>"; };
		6AF967831D102CFA005AF466 /* AppDelegate.h */ = {isa = PBXFileReference; fileEncoding = 4; lastKnownFileType = sourcecode.c.h; path = AppDelegate.h; sourceTree = "<group>"; };
		6AF967841D102CFA005AF466 /* AppDelegate.m */ = {isa = PBXFileReference; fileEncoding = 4; lastKnownFileType = sourcecode.c.objc; path = AppDelegate.m; sourceTree = "<group>"; };
		6AF967851D102CFA005AF466 /* main.m */ = {isa = PBXFileReference; fileEncoding = 4; lastKnownFileType = sourcecode.c.objc; path = main.m; sourceTree = "<group>"; };
		6AF9678D1D102DBE005AF466 /* TYTabBarController.h */ = {isa = PBXFileReference; fileEncoding = 4; lastKnownFileType = sourcecode.c.h; path = TYTabBarController.h; sourceTree = "<group>"; };
		6AF9678E1D102DBE005AF466 /* TYTabBarController.m */ = {isa = PBXFileReference; fileEncoding = 4; lastKnownFileType = sourcecode.c.objc; path = TYTabBarController.m; sourceTree = "<group>"; };
		6AF967931D102F2C005AF466 /* TYEssenceVC.h */ = {isa = PBXFileReference; fileEncoding = 4; lastKnownFileType = sourcecode.c.h; path = TYEssenceVC.h; sourceTree = "<group>"; };
		6AF967941D102F2C005AF466 /* TYEssenceVC.m */ = {isa = PBXFileReference; fileEncoding = 4; lastKnownFileType = sourcecode.c.objc; path = TYEssenceVC.m; sourceTree = "<group>"; };
		6AF967961D102F4A005AF466 /* TYFriendTrendVC.h */ = {isa = PBXFileReference; fileEncoding = 4; lastKnownFileType = sourcecode.c.h; path = TYFriendTrendVC.h; sourceTree = "<group>"; };
		6AF967971D102F4A005AF466 /* TYFriendTrendVC.m */ = {isa = PBXFileReference; fileEncoding = 4; lastKnownFileType = sourcecode.c.objc; path = TYFriendTrendVC.m; sourceTree = "<group>"; };
		6AF967991D102F6C005AF466 /* TYNewVC.h */ = {isa = PBXFileReference; fileEncoding = 4; lastKnownFileType = sourcecode.c.h; path = TYNewVC.h; sourceTree = "<group>"; };
		6AF9679A1D102F6C005AF466 /* TYNewVC.m */ = {isa = PBXFileReference; fileEncoding = 4; lastKnownFileType = sourcecode.c.objc; path = TYNewVC.m; sourceTree = "<group>"; };
		6AF9679C1D103056005AF466 /* TYPublishVC.h */ = {isa = PBXFileReference; fileEncoding = 4; lastKnownFileType = sourcecode.c.h; path = TYPublishVC.h; sourceTree = "<group>"; };
		6AF9679D1D103056005AF466 /* TYPublishVC.m */ = {isa = PBXFileReference; fileEncoding = 4; lastKnownFileType = sourcecode.c.objc; path = TYPublishVC.m; sourceTree = "<group>"; };
		6AF9679F1D1030F4005AF466 /* TYMeVC.h */ = {isa = PBXFileReference; fileEncoding = 4; lastKnownFileType = sourcecode.c.h; path = TYMeVC.h; sourceTree = "<group>"; };
		6AF967A01D1030F4005AF466 /* TYMeVC.m */ = {isa = PBXFileReference; fileEncoding = 4; lastKnownFileType = sourcecode.c.objc; path = TYMeVC.m; sourceTree = "<group>"; };
		E7F08334DA64ADE38A00B9F6 /* Pods-baisiAPP.release.xcconfig */ = {isa = PBXFileReference; includeInIndex = 1; lastKnownFileType = text.xcconfig; name = "Pods-baisiAPP.release.xcconfig"; path = "Pods/Target Support Files/Pods-baisiAPP/Pods-baisiAPP.release.xcconfig"; sourceTree = "<group>"; };
		F5A64C605AC4FDE274925748 /* Pods-baisiAPP.debug.xcconfig */ = {isa = PBXFileReference; includeInIndex = 1; lastKnownFileType = text.xcconfig; name = "Pods-baisiAPP.debug.xcconfig"; path = "Pods/Target Support Files/Pods-baisiAPP/Pods-baisiAPP.debug.xcconfig"; sourceTree = "<group>"; };
		F8E2218006BE64D37E0421F9 /* libPods-baisiAPP.a */ = {isa = PBXFileReference; explicitFileType = archive.ar; includeInIndex = 0; path = "libPods-baisiAPP.a"; sourceTree = BUILT_PRODUCTS_DIR; };
/* End PBXFileReference section */

/* Begin PBXFrameworksBuildPhase section */
		6AF9674E1D1019B4005AF466 /* Frameworks */ = {
			isa = PBXFrameworksBuildPhase;
			buildActionMask = 2147483647;
			files = (
				A4BB042DF0A9C12026E9CBED /* libPods-baisiAPP.a in Frameworks */,
			);
			runOnlyForDeploymentPostprocessing = 0;
		};
/* End PBXFrameworksBuildPhase section */

/* Begin PBXGroup section */
		6A07E2A71D1B85B20051CADC /* Base */ = {
			isa = PBXGroup;
			children = (
				6A07E2A81D1B86A10051CADC /* Controller */,
			);
			path = Base;
			sourceTree = "<group>";
		};
		6A07E2A81D1B86A10051CADC /* Controller */ = {
			isa = PBXGroup;
			children = (
				6A07E2A91D1B86DA0051CADC /* TYBaseViewController.h */,
				6A07E2AA1D1B86DA0051CADC /* TYBaseViewController.m */,
			);
			path = Controller;
			sourceTree = "<group>";
		};
		6A33AC011D105DAC00AAFBBF /* Category */ = {
			isa = PBXGroup;
			children = (
				6A33AC051D10603F00AAFBBF /* UIImage+Image.h */,
				6A33AC061D10603F00AAFBBF /* UIImage+Image.m */,
				6A56FE5C1D1176E100AAC1E3 /* UIView+Frame.h */,
				6A56FE5D1D1176E100AAC1E3 /* UIView+Frame.m */,
				6A56FE601D1182C400AAC1E3 /* UIBarButtonItem+item.h */,
				6A56FE611D1182C400AAC1E3 /* UIBarButtonItem+item.m */,
				6A20CAAC1D16D882001B0C13 /* UITextField+PlaceHolderColor.h */,
				6A20CAAD1D16D882001B0C13 /* UITextField+PlaceHolderColor.m */,
			);
			path = Category;
			sourceTree = "<group>";
		};
		6A37FF1F1D13DCF300DD896F /* AD(广告) */ = {
			isa = PBXGroup;
			children = (
				6A37FF201D13DCF300DD896F /* Controller */,
				6A37FF211D13DCF300DD896F /* Model */,
				6A37FF221D13DCF300DD896F /* View */,
			);
			path = "AD(广告)";
			sourceTree = "<group>";
		};
		6A37FF201D13DCF300DD896F /* Controller */ = {
			isa = PBXGroup;
			children = (
				6A37FF231D13DE4B00DD896F /* TYADViewController.h */,
				6A37FF241D13DE4B00DD896F /* TYADViewController.m */,
				6A37FF261D13DE7900DD896F /* TYADViewController.xib */,
			);
			path = Controller;
			sourceTree = "<group>";
		};
		6A37FF211D13DCF300DD896F /* Model */ = {
			isa = PBXGroup;
			children = (
				6A55486D1D15762C00198464 /* TYADItem.h */,
				6A55486E1D15762C00198464 /* TYADItem.m */,
			);
			path = Model;
			sourceTree = "<group>";
		};
		6A37FF221D13DCF300DD896F /* View */ = {
			isa = PBXGroup;
			children = (
			);
			path = View;
			sourceTree = "<group>";
		};
		6A4CDF7D1D1EA05B00B0EE20 /* ChildView */ = {
			isa = PBXGroup;
			children = (
				6A4CDF7E1D1EA05B00B0EE20 /* TYThemeTopView.h */,
				6A4CDF7F1D1EA05B00B0EE20 /* TYThemeTopView.m */,
				6A4CDF801D1EA05B00B0EE20 /* TYThemeTopView.xib */,
			);
			path = ChildView;
			sourceTree = "<group>";
		};
		6A55485E1D156B7900198464 /* 启动图片 */ = {
			isa = PBXGroup;
			children = (
				6A55485F1D156B7900198464 /* LaunchImage-568h@2x.png */,
				6A5548601D156B7900198464 /* LaunchImage-700-568h@2x.png */,
				6A5548611D156B7900198464 /* LaunchImage-700@2x.png */,
				6A5548621D156B7900198464 /* LaunchImage-800-667h@2x.png */,
				6A5548631D156B7900198464 /* LaunchImage-800-Portrait-736h@3x.png */,
				6A5548641D156B7900198464 /* LaunchImage.png */,
				6A5548651D156B7900198464 /* LaunchImage@2x.png */,
			);
			path = "启动图片";
			sourceTree = "<group>";
		};
		6A8594691D11AA970005637F /* Setting(设置) */ = {
			isa = PBXGroup;
			children = (
				6A85946A1D11AA970005637F /* Controller */,
				6A85946B1D11AA970005637F /* Model */,
				6A85946C1D11AA970005637F /* View */,
			);
			path = "Setting(设置)";
			sourceTree = "<group>";
		};
		6A85946A1D11AA970005637F /* Controller */ = {
			isa = PBXGroup;
			children = (
				6A85946D1D11ACC20005637F /* TYSettingController.h */,
				6A85946E1D11ACC20005637F /* TYSettingController.m */,
			);
			path = Controller;
			sourceTree = "<group>";
		};
		6A85946B1D11AA970005637F /* Model */ = {
			isa = PBXGroup;
			children = (
			);
			path = Model;
			sourceTree = "<group>";
		};
		6A85946C1D11AA970005637F /* View */ = {
			isa = PBXGroup;
			children = (
			);
			path = View;
			sourceTree = "<group>";
		};
		6AE887301D1A29D900A99EAB /* Tool(业务类) */ = {
			isa = PBXGroup;
			children = (
				6AE887311D1A29D900A99EAB /* Controller */,
				6AE887321D1A29D900A99EAB /* Model */,
				6AE887331D1A29D900A99EAB /* View */,
			);
			path = "Tool(业务类)";
			sourceTree = "<group>";
		};
		6AE887311D1A29D900A99EAB /* Controller */ = {
			isa = PBXGroup;
			children = (
				6AE887341D1A29FC00A99EAB /* TYFileManger.h */,
				6AE887351D1A29FC00A99EAB /* TYFileManger.m */,
			);
			path = Controller;
			sourceTree = "<group>";
		};
		6AE887321D1A29D900A99EAB /* Model */ = {
			isa = PBXGroup;
			children = (
			);
			path = Model;
			sourceTree = "<group>";
		};
		6AE887331D1A29D900A99EAB /* View */ = {
			isa = PBXGroup;
			children = (
			);
			path = View;
			sourceTree = "<group>";
		};
		6AE887371D1AAD4700A99EAB /* ChildController */ = {
			isa = PBXGroup;
			children = (
				6AE887381D1AAD6E00A99EAB /* TYAllViewController.h */,
				6AE887391D1AAD6E00A99EAB /* TYAllViewController.m */,
				6AE8873B1D1AAD9300A99EAB /* TYVideoViewController.h */,
				6AE8873C1D1AAD9300A99EAB /* TYVideoViewController.m */,
				6AE8873E1D1AADAA00A99EAB /* TYVoiceViewController.h */,
				6AE8873F1D1AADAA00A99EAB /* TYVoiceViewController.m */,
				6AE887411D1AADDD00A99EAB /* TYPictureViewController.h */,
				6AE887421D1AADDD00A99EAB /* TYPictureViewController.m */,
				6AE887441D1AADEC00A99EAB /* TYTextViewController.h */,
				6AE887451D1AADEC00A99EAB /* TYTextViewController.m */,
			);
			path = ChildController;
			sourceTree = "<group>";
		};
		6AF967481D1019B4005AF466 = {
			isa = PBXGroup;
			children = (
				6AF967531D1019B4005AF466 /* baisiAPP */,
				6AF967521D1019B4005AF466 /* Products */,
				F264C918AC12B19F30AAE2C8 /* Pods */,
				6EEB2679D44C0252A5604068 /* Frameworks */,
			);
			sourceTree = "<group>";
		};
		6AF967521D1019B4005AF466 /* Products */ = {
			isa = PBXGroup;
			children = (
				6AF967511D1019B4005AF466 /* baisiAPP.app */,
			);
			name = Products;
			sourceTree = "<group>";
		};
		6AF967531D1019B4005AF466 /* baisiAPP */ = {
			isa = PBXGroup;
			children = (
				6AF9676B1D102CFA005AF466 /* Classes */,
				6AF967601D1019B5005AF466 /* Assets.xcassets */,
				6AF967621D1019B5005AF466 /* LaunchScreen.storyboard */,
				6AF967651D1019B5005AF466 /* Info.plist */,
				6AF967541D1019B4005AF466 /* Supporting Files */,
			);
			path = baisiAPP;
			sourceTree = "<group>";
		};
		6AF967541D1019B4005AF466 /* Supporting Files */ = {
			isa = PBXGroup;
			children = (
				6A55485E1D156B7900198464 /* 启动图片 */,
			);
			name = "Supporting Files";
			sourceTree = "<group>";
		};
		6AF9676B1D102CFA005AF466 /* Classes */ = {
			isa = PBXGroup;
			children = (
				6A07E2A71D1B85B20051CADC /* Base */,
				6AE887301D1A29D900A99EAB /* Tool(业务类) */,
				6A37FF1F1D13DCF300DD896F /* AD(广告) */,
				6A8594691D11AA970005637F /* Setting(设置) */,
				6AF9676C1D102CFA005AF466 /* Essence(精华) */,
				6AF9677E1D102CFA005AF466 /* New(新帖) */,
				6AF967861D102CFA005AF466 /* Publish(发布) */,
				6AF967701D102CFA005AF466 /* FriendTrend(关注) */,
				6AF9677A1D102CFA005AF466 /* Me(我) */,
				6AF967741D102CFA005AF466 /* Main */,
				6AF967821D102CFA005AF466 /* Other */,
			);
			path = Classes;
			sourceTree = "<group>";
		};
		6AF9676C1D102CFA005AF466 /* Essence(精华) */ = {
			isa = PBXGroup;
			children = (
				6AF9676D1D102CFA005AF466 /* Controller */,
				6AF9676E1D102CFA005AF466 /* Model */,
				6AF9676F1D102CFA005AF466 /* View */,
			);
			path = "Essence(精华)";
			sourceTree = "<group>";
		};
		6AF9676D1D102CFA005AF466 /* Controller */ = {
			isa = PBXGroup;
			children = (
				6AE887371D1AAD4700A99EAB /* ChildController */,
				6AF967931D102F2C005AF466 /* TYEssenceVC.h */,
				6AF967941D102F2C005AF466 /* TYEssenceVC.m */,
			);
			path = Controller;
			sourceTree = "<group>";
		};
		6AF9676E1D102CFA005AF466 /* Model */ = {
			isa = PBXGroup;
			children = (
				6A4CDF731D1E9A3100B0EE20 /* TYThemeItem.h */,
				6A4CDF741D1E9A3100B0EE20 /* TYThemeItem.m */,
			);
			path = Model;
			sourceTree = "<group>";
		};
		6AF9676F1D102CFA005AF466 /* View */ = {
			isa = PBXGroup;
			children = (
				6A4CDF7D1D1EA05B00B0EE20 /* ChildView */,
				6A4CDF6E1D1E96C500B0EE20 /* TYThemeCell.h */,
				6A4CDF6F1D1E96C500B0EE20 /* TYThemeCell.m */,
			);
			path = View;
			sourceTree = "<group>";
		};
		6AF967701D102CFA005AF466 /* FriendTrend(关注) */ = {
			isa = PBXGroup;
			children = (
				6AF967711D102CFA005AF466 /* Controller */,
				6AF967721D102CFA005AF466 /* Model */,
				6AF967731D102CFA005AF466 /* View */,
			);
			path = "FriendTrend(关注)";
			sourceTree = "<group>";
		};
		6AF967711D102CFA005AF466 /* Controller */ = {
			isa = PBXGroup;
			children = (
				6AF967961D102F4A005AF466 /* TYFriendTrendVC.h */,
				6AF967971D102F4A005AF466 /* TYFriendTrendVC.m */,
				6A20CA9D1D16AD6F001B0C13 /* TYFriendTrendVC.xib */,
				6A20CA9F1D16B3C7001B0C13 /* TYLoginRegisterViewController.h */,
				6A20CAA01D16B3C7001B0C13 /* TYLoginRegisterViewController.m */,
				6A20CAA11D16B3C7001B0C13 /* TYLoginRegisterViewController.xib */,
			);
			path = Controller;
			sourceTree = "<group>";
		};
		6AF967721D102CFA005AF466 /* Model */ = {
			isa = PBXGroup;
			children = (
			);
			path = Model;
			sourceTree = "<group>";
		};
		6AF967731D102CFA005AF466 /* View */ = {
			isa = PBXGroup;
			children = (
				6A20CAA71D16B9F7001B0C13 /* TYLoginRegisterView.h */,
				6A20CAA81D16B9F7001B0C13 /* TYLoginRegisterView.m */,
				6A20CAAA1D16BA0D001B0C13 /* TYLoginRegisterView.xib */,
				6A20CAAF1D16D998001B0C13 /* TYFastLogin.h */,
				6A20CAB01D16D998001B0C13 /* TYFastLogin.m */,
				6A20CAB41D16D9B9001B0C13 /* TYFastLogin.xib */,
				6A20CAB61D16DA7D001B0C13 /* TYFastLoginButton.h */,
				6A20CAB71D16DA7D001B0C13 /* TYFastLoginButton.m */,
				6AEDF16A1D1777730024A778 /* TYTextField.h */,
				6AEDF16B1D1777730024A778 /* TYTextField.m */,
			);
			path = View;
			sourceTree = "<group>";
		};
		6AF967741D102CFA005AF466 /* Main */ = {
			isa = PBXGroup;
			children = (
				6AF967751D102CFA005AF466 /* Controller */,
				6AF967761D102CFA005AF466 /* Model */,
				6AF967771D102CFA005AF466 /* View */,
			);
			path = Main;
			sourceTree = "<group>";
		};
		6AF967751D102CFA005AF466 /* Controller */ = {
			isa = PBXGroup;
			children = (
				6AF9678D1D102DBE005AF466 /* TYTabBarController.h */,
				6AF9678E1D102DBE005AF466 /* TYTabBarController.m */,
				6A56FE631D1196AE00AAC1E3 /* TYNavigationController.h */,
				6A56FE641D1196AE00AAC1E3 /* TYNavigationController.m */,
			);
			path = Controller;
			sourceTree = "<group>";
		};
		6AF967761D102CFA005AF466 /* Model */ = {
			isa = PBXGroup;
			children = (
			);
			path = Model;
			sourceTree = "<group>";
		};
		6AF967771D102CFA005AF466 /* View */ = {
			isa = PBXGroup;
			children = (
			);
			path = View;
			sourceTree = "<group>";
		};
		6AF9677A1D102CFA005AF466 /* Me(我) */ = {
			isa = PBXGroup;
			children = (
				6AF9677B1D102CFA005AF466 /* Controller */,
				6AF9677C1D102CFA005AF466 /* Model */,
				6AF9677D1D102CFA005AF466 /* View */,
			);
			path = "Me(我)";
			sourceTree = "<group>";
		};
		6AF9677B1D102CFA005AF466 /* Controller */ = {
			isa = PBXGroup;
			children = (
				6AF9679F1D1030F4005AF466 /* TYMeVC.h */,
				6AF967A01D1030F4005AF466 /* TYMeVC.m */,
				6AEDF16D1D1789F80024A778 /* TYMeVC.storyboard */,
				6A6CEAB21D19539200780CE2 /* TYWebViewController.h */,
				6A6CEAB31D19539200780CE2 /* TYWebViewController.m */,
				6A6CEAB41D19539200780CE2 /* TYWebViewController.xib */,
			);
			path = Controller;
			sourceTree = "<group>";
		};
		6AF9677C1D102CFA005AF466 /* Model */ = {
			isa = PBXGroup;
			children = (
				6AEDF1741D17CB920024A778 /* TYSquareItem.h */,
				6AEDF1751D17CB920024A778 /* TYSquareItem.m */,
			);
			path = Model;
			sourceTree = "<group>";
		};
		6AF9677D1D102CFA005AF466 /* View */ = {
			isa = PBXGroup;
			children = (
				6AEDF16F1D179F780024A778 /* TYSquareCell.h */,
				6AEDF1701D179F780024A778 /* TYSquareCell.m */,
				6AEDF1711D179F780024A778 /* TYSquareCell.xib */,
			);
			path = View;
			sourceTree = "<group>";
		};
		6AF9677E1D102CFA005AF466 /* New(新帖) */ = {
			isa = PBXGroup;
			children = (
				6AF9677F1D102CFA005AF466 /* Controller */,
				6AF967801D102CFA005AF466 /* Model */,
				6AF967811D102CFA005AF466 /* View */,
			);
			path = "New(新帖)";
			sourceTree = "<group>";
		};
		6AF9677F1D102CFA005AF466 /* Controller */ = {
			isa = PBXGroup;
			children = (
				6AF967991D102F6C005AF466 /* TYNewVC.h */,
				6AF9679A1D102F6C005AF466 /* TYNewVC.m */,
				6A3C51D41D15A1E50047AC4E /* TYSubTagViewController.h */,
				6A3C51D51D15A1E50047AC4E /* TYSubTagViewController.m */,
			);
			path = Controller;
			sourceTree = "<group>";
		};
		6AF967801D102CFA005AF466 /* Model */ = {
			isa = PBXGroup;
			children = (
				6A3C51DC1D15B0910047AC4E /* TYSubTagItem.h */,
				6A3C51DD1D15B0910047AC4E /* TYSubTagItem.m */,
			);
			path = Model;
			sourceTree = "<group>";
		};
		6AF967811D102CFA005AF466 /* View */ = {
			isa = PBXGroup;
			children = (
				6A3C51D71D15A81F0047AC4E /* TYTableViewCell.h */,
				6A3C51D81D15A81F0047AC4E /* TYTableViewCell.m */,
				6A3C51D91D15A81F0047AC4E /* TYTableViewCell.xib */,
			);
			path = View;
			sourceTree = "<group>";
		};
		6AF967821D102CFA005AF466 /* Other */ = {
			isa = PBXGroup;
			children = (
				6A33AC011D105DAC00AAFBBF /* Category */,
				6AF967831D102CFA005AF466 /* AppDelegate.h */,
				6AF967841D102CFA005AF466 /* AppDelegate.m */,
				6AF967851D102CFA005AF466 /* main.m */,
				6A56FE5F1D11787800AAC1E3 /* baisiAPP.pch */,
			);
			path = Other;
			sourceTree = "<group>";
		};
		6AF967861D102CFA005AF466 /* Publish(发布) */ = {
			isa = PBXGroup;
			children = (
				6AF967871D102CFA005AF466 /* Controller */,
				6AF967881D102CFA005AF466 /* Model */,
				6AF967891D102CFA005AF466 /* View */,
			);
			path = "Publish(发布)";
			sourceTree = "<group>";
		};
		6AF967871D102CFA005AF466 /* Controller */ = {
			isa = PBXGroup;
			children = (
				6AF9679C1D103056005AF466 /* TYPublishVC.h */,
				6AF9679D1D103056005AF466 /* TYPublishVC.m */,
			);
			path = Controller;
			sourceTree = "<group>";
		};
		6AF967881D102CFA005AF466 /* Model */ = {
			isa = PBXGroup;
			children = (
			);
			path = Model;
			sourceTree = "<group>";
		};
		6AF967891D102CFA005AF466 /* View */ = {
			isa = PBXGroup;
			children = (
			);
			path = View;
			sourceTree = "<group>";
		};
		6EEB2679D44C0252A5604068 /* Frameworks */ = {
			isa = PBXGroup;
			children = (
				F8E2218006BE64D37E0421F9 /* libPods-baisiAPP.a */,
			);
			name = Frameworks;
			sourceTree = "<group>";
		};
		F264C918AC12B19F30AAE2C8 /* Pods */ = {
			isa = PBXGroup;
			children = (
				F5A64C605AC4FDE274925748 /* Pods-baisiAPP.debug.xcconfig */,
				E7F08334DA64ADE38A00B9F6 /* Pods-baisiAPP.release.xcconfig */,
			);
			name = Pods;
			sourceTree = "<group>";
		};
/* End PBXGroup section */

/* Begin PBXNativeTarget section */
		6AF967501D1019B4005AF466 /* baisiAPP */ = {
			isa = PBXNativeTarget;
			buildConfigurationList = 6AF967681D1019B5005AF466 /* Build configuration list for PBXNativeTarget "baisiAPP" */;
			buildPhases = (
				8EC1FB9E5AB394CD5CF8619C /* [CP] Check Pods Manifest.lock */,
				6AF9674D1D1019B4005AF466 /* Sources */,
				6AF9674E1D1019B4005AF466 /* Frameworks */,
				6AF9674F1D1019B4005AF466 /* Resources */,
				9CD6F0057208524E215275CF /* [CP] Embed Pods Frameworks */,
				9574C4C0AA95BD49F4D14387 /* [CP] Copy Pods Resources */,
			);
			buildRules = (
			);
			dependencies = (
			);
			name = baisiAPP;
			productName = baisiAPP;
			productReference = 6AF967511D1019B4005AF466 /* baisiAPP.app */;
			productType = "com.apple.product-type.application";
		};
/* End PBXNativeTarget section */

/* Begin PBXProject section */
		6AF967491D1019B4005AF466 /* Project object */ = {
			isa = PBXProject;
			attributes = {
				CLASSPREFIX = TY;
				LastUpgradeCheck = 0720;
				ORGANIZATIONNAME = TimorYang;
				TargetAttributes = {
					6AF967501D1019B4005AF466 = {
						CreatedOnToolsVersion = 7.2;
					};
				};
			};
			buildConfigurationList = 6AF9674C1D1019B4005AF466 /* Build configuration list for PBXProject "baisiAPP" */;
			compatibilityVersion = "Xcode 3.2";
			developmentRegion = English;
			hasScannedForEncodings = 0;
			knownRegions = (
				en,
				Base,
			);
			mainGroup = 6AF967481D1019B4005AF466;
			productRefGroup = 6AF967521D1019B4005AF466 /* Products */;
			projectDirPath = "";
			projectRoot = "";
			targets = (
				6AF967501D1019B4005AF466 /* baisiAPP */,
			);
		};
/* End PBXProject section */

/* Begin PBXResourcesBuildPhase section */
		6AF9674F1D1019B4005AF466 /* Resources */ = {
			isa = PBXResourcesBuildPhase;
			buildActionMask = 2147483647;
			files = (
				6A6CEAB61D19539200780CE2 /* TYWebViewController.xib in Resources */,
				6AEDF16E1D1789F80024A778 /* TYMeVC.storyboard in Resources */,
				6A37FF271D13DE7900DD896F /* TYADViewController.xib in Resources */,
				6A5548671D156B7900198464 /* LaunchImage-700-568h@2x.png in Resources */,
				6A55486B1D156B7900198464 /* LaunchImage.png in Resources */,
				6A20CA9E1D16AD6F001B0C13 /* TYFriendTrendVC.xib in Resources */,
				6AF967641D1019B5005AF466 /* LaunchScreen.storyboard in Resources */,
				6A3C51DB1D15A81F0047AC4E /* TYTableViewCell.xib in Resources */,
				6A5548681D156B7900198464 /* LaunchImage-700@2x.png in Resources */,
				6A20CAAB1D16BA0D001B0C13 /* TYLoginRegisterView.xib in Resources */,
				6A4CDF821D1EA05B00B0EE20 /* TYThemeTopView.xib in Resources */,
				6A55486A1D156B7900198464 /* LaunchImage-800-Portrait-736h@3x.png in Resources */,
				6A20CAB51D16D9B9001B0C13 /* TYFastLogin.xib in Resources */,
				6A20CAA31D16B3C7001B0C13 /* TYLoginRegisterViewController.xib in Resources */,
				6A5548661D156B7900198464 /* LaunchImage-568h@2x.png in Resources */,
				6A5548691D156B7900198464 /* LaunchImage-800-667h@2x.png in Resources */,
				6AF967611D1019B5005AF466 /* Assets.xcassets in Resources */,
				6AEDF1731D179F780024A778 /* TYSquareCell.xib in Resources */,
				6A55486C1D156B7900198464 /* LaunchImage@2x.png in Resources */,
			);
			runOnlyForDeploymentPostprocessing = 0;
		};
/* End PBXResourcesBuildPhase section */

/* Begin PBXShellScriptBuildPhase section */
		8EC1FB9E5AB394CD5CF8619C /* [CP] Check Pods Manifest.lock */ = {
			isa = PBXShellScriptBuildPhase;
			buildActionMask = 2147483647;
			files = (
			);
			inputPaths = (
			);
			name = "[CP] Check Pods Manifest.lock";
			outputPaths = (
			);
			runOnlyForDeploymentPostprocessing = 0;
			shellPath = /bin/sh;
			shellScript = "diff \"${PODS_ROOT}/../Podfile.lock\" \"${PODS_ROOT}/Manifest.lock\" > /dev/null\nif [[ $? != 0 ]] ; then\n    cat << EOM\nerror: The sandbox is not in sync with the Podfile.lock. Run 'pod install' or update your CocoaPods installation.\nEOM\n    exit 1\nfi\n";
			showEnvVarsInLog = 0;
		};
		9574C4C0AA95BD49F4D14387 /* [CP] Copy Pods Resources */ = {
			isa = PBXShellScriptBuildPhase;
			buildActionMask = 2147483647;
			files = (
			);
			inputPaths = (
			);
			name = "[CP] Copy Pods Resources";
			outputPaths = (
			);
			runOnlyForDeploymentPostprocessing = 0;
			shellPath = /bin/sh;
			shellScript = "\"${SRCROOT}/Pods/Target Support Files/Pods-baisiAPP/Pods-baisiAPP-resources.sh\"\n";
			showEnvVarsInLog = 0;
		};
		9CD6F0057208524E215275CF /* [CP] Embed Pods Frameworks */ = {
			isa = PBXShellScriptBuildPhase;
			buildActionMask = 2147483647;
			files = (
			);
			inputPaths = (
			);
			name = "[CP] Embed Pods Frameworks";
			outputPaths = (
			);
			runOnlyForDeploymentPostprocessing = 0;
			shellPath = /bin/sh;
			shellScript = "\"${SRCROOT}/Pods/Target Support Files/Pods-baisiAPP/Pods-baisiAPP-frameworks.sh\"\n";
			showEnvVarsInLog = 0;
		};
/* End PBXShellScriptBuildPhase section */

/* Begin PBXSourcesBuildPhase section */
		6AF9674D1D1019B4005AF466 /* Sources */ = {
			isa = PBXSourcesBuildPhase;
			buildActionMask = 2147483647;
			files = (
				6A20CAA21D16B3C7001B0C13 /* TYLoginRegisterViewController.m in Sources */,
				6A4CDF711D1E96C500B0EE20 /* TYThemeCell.m in Sources */,
				6A37FF251D13DE4B00DD896F /* TYADViewController.m in Sources */,
				6AF967981D102F4A005AF466 /* TYFriendTrendVC.m in Sources */,
				6A4CDF811D1EA05B00B0EE20 /* TYThemeTopView.m in Sources */,
				6AF967951D102F2C005AF466 /* TYEssenceVC.m in Sources */,
				6AE887361D1A29FC00A99EAB /* TYFileManger.m in Sources */,
				6A3C51DE1D15B0910047AC4E /* TYSubTagItem.m in Sources */,
				6A4CDF751D1E9A3100B0EE20 /* TYThemeItem.m in Sources */,
				6AF9678F1D102DBE005AF466 /* TYTabBarController.m in Sources */,
				6AEDF16C1D1777730024A778 /* TYTextField.m in Sources */,
				6A20CAB81D16DA7D001B0C13 /* TYFastLoginButton.m in Sources */,
				6A20CAB11D16D998001B0C13 /* TYFastLogin.m in Sources */,
				6A33AC071D10603F00AAFBBF /* UIImage+Image.m in Sources */,
				6A6CEAB51D19539200780CE2 /* TYWebViewController.m in Sources */,
				6AEDF1721D179F780024A778 /* TYSquareCell.m in Sources */,
				6A3C51D61D15A1E50047AC4E /* TYSubTagViewController.m in Sources */,
				6A56FE651D1196AE00AAC1E3 /* TYNavigationController.m in Sources */,
				6AE8873A1D1AAD6E00A99EAB /* TYAllViewController.m in Sources */,
				6A20CAAE1D16D882001B0C13 /* UITextField+PlaceHolderColor.m in Sources */,
				6A20CAA91D16B9F7001B0C13 /* TYLoginRegisterView.m in Sources */,
				6A55486F1D15762C00198464 /* TYADItem.m in Sources */,
				6AE887461D1AADEC00A99EAB /* TYTextViewController.m in Sources */,
				6A07E2AB1D1B86DA0051CADC /* TYBaseViewController.m in Sources */,
				6AF967A11D1030F4005AF466 /* TYMeVC.m in Sources */,
				6A85946F1D11ACC20005637F /* TYSettingController.m in Sources */,
				6AE8873D1D1AAD9300A99EAB /* TYVideoViewController.m in Sources */,
				6AEDF1761D17CB920024A778 /* TYSquareItem.m in Sources */,
				6AF9678B1D102CFA005AF466 /* AppDelegate.m in Sources */,
				6A56FE621D1182C400AAC1E3 /* UIBarButtonItem+item.m in Sources */,
				6A3C51DA1D15A81F0047AC4E /* TYTableViewCell.m in Sources */,
				6AF9679B1D102F6C005AF466 /* TYNewVC.m in Sources */,
				6AF9678C1D102CFA005AF466 /* main.m in Sources */,
				6AE887431D1AADDD00A99EAB /* TYPictureViewController.m in Sources */,
				6AE887401D1AADAA00A99EAB /* TYVoiceViewController.m in Sources */,
				6A56FE5E1D1176E100AAC1E3 /* UIView+Frame.m in Sources */,
				6AF9679E1D103056005AF466 /* TYPublishVC.m in Sources */,
			);
			runOnlyForDeploymentPostprocessing = 0;
		};
/* End PBXSourcesBuildPhase section */

/* Begin PBXVariantGroup section */
		6AF967621D1019B5005AF466 /* LaunchScreen.storyboard */ = {
			isa = PBXVariantGroup;
			children = (
				6AF967631D1019B5005AF466 /* Base */,
			);
			name = LaunchScreen.storyboard;
			sourceTree = "<group>";
		};
/* End PBXVariantGroup section */

/* Begin XCBuildConfiguration section */
		6AF967661D1019B5005AF466 /* Debug */ = {
			isa = XCBuildConfiguration;
			buildSettings = {
				ALWAYS_SEARCH_USER_PATHS = NO;
				CLANG_CXX_LANGUAGE_STANDARD = "gnu++0x";
				CLANG_CXX_LIBRARY = "libc++";
				CLANG_ENABLE_MODULES = YES;
				CLANG_ENABLE_OBJC_ARC = YES;
				CLANG_WARN_BOOL_CONVERSION = YES;
				CLANG_WARN_CONSTANT_CONVERSION = YES;
				CLANG_WARN_DIRECT_OBJC_ISA_USAGE = YES_ERROR;
				CLANG_WARN_EMPTY_BODY = YES;
				CLANG_WARN_ENUM_CONVERSION = YES;
				CLANG_WARN_INT_CONVERSION = YES;
				CLANG_WARN_OBJC_ROOT_CLASS = YES_ERROR;
				CLANG_WARN_UNREACHABLE_CODE = YES;
				CLANG_WARN__DUPLICATE_METHOD_MATCH = YES;
				"CODE_SIGN_IDENTITY[sdk=iphoneos*]" = "iPhone Developer";
				COPY_PHASE_STRIP = NO;
				DEBUG_INFORMATION_FORMAT = dwarf;
				ENABLE_STRICT_OBJC_MSGSEND = YES;
				ENABLE_TESTABILITY = YES;
				GCC_C_LANGUAGE_STANDARD = gnu99;
				GCC_DYNAMIC_NO_PIC = NO;
				GCC_NO_COMMON_BLOCKS = YES;
				GCC_OPTIMIZATION_LEVEL = 0;
				GCC_PREPROCESSOR_DEFINITIONS = (
					"DEBUG=1",
					"$(inherited)",
				);
				GCC_WARN_64_TO_32_BIT_CONVERSION = YES;
				GCC_WARN_ABOUT_RETURN_TYPE = YES_ERROR;
				GCC_WARN_UNDECLARED_SELECTOR = YES;
				GCC_WARN_UNINITIALIZED_AUTOS = YES_AGGRESSIVE;
				GCC_WARN_UNUSED_FUNCTION = YES;
				GCC_WARN_UNUSED_VARIABLE = YES;
				IPHONEOS_DEPLOYMENT_TARGET = 9.2;
				MTL_ENABLE_DEBUG_INFO = YES;
				ONLY_ACTIVE_ARCH = YES;
				SDKROOT = iphoneos;
			};
			name = Debug;
		};
		6AF967671D1019B5005AF466 /* Release */ = {
			isa = XCBuildConfiguration;
			buildSettings = {
				ALWAYS_SEARCH_USER_PATHS = NO;
				CLANG_CXX_LANGUAGE_STANDARD = "gnu++0x";
				CLANG_CXX_LIBRARY = "libc++";
				CLANG_ENABLE_MODULES = YES;
				CLANG_ENABLE_OBJC_ARC = YES;
				CLANG_WARN_BOOL_CONVERSION = YES;
				CLANG_WARN_CONSTANT_CONVERSION = YES;
				CLANG_WARN_DIRECT_OBJC_ISA_USAGE = YES_ERROR;
				CLANG_WARN_EMPTY_BODY = YES;
				CLANG_WARN_ENUM_CONVERSION = YES;
				CLANG_WARN_INT_CONVERSION = YES;
				CLANG_WARN_OBJC_ROOT_CLASS = YES_ERROR;
				CLANG_WARN_UNREACHABLE_CODE = YES;
				CLANG_WARN__DUPLICATE_METHOD_MATCH = YES;
				"CODE_SIGN_IDENTITY[sdk=iphoneos*]" = "iPhone Developer";
				COPY_PHASE_STRIP = NO;
				DEBUG_INFORMATION_FORMAT = "dwarf-with-dsym";
				ENABLE_NS_ASSERTIONS = NO;
				ENABLE_STRICT_OBJC_MSGSEND = YES;
				GCC_C_LANGUAGE_STANDARD = gnu99;
				GCC_NO_COMMON_BLOCKS = YES;
				GCC_WARN_64_TO_32_BIT_CONVERSION = YES;
				GCC_WARN_ABOUT_RETURN_TYPE = YES_ERROR;
				GCC_WARN_UNDECLARED_SELECTOR = YES;
				GCC_WARN_UNINITIALIZED_AUTOS = YES_AGGRESSIVE;
				GCC_WARN_UNUSED_FUNCTION = YES;
				GCC_WARN_UNUSED_VARIABLE = YES;
				IPHONEOS_DEPLOYMENT_TARGET = 9.2;
				MTL_ENABLE_DEBUG_INFO = NO;
				SDKROOT = iphoneos;
				VALIDATE_PRODUCT = YES;
			};
			name = Release;
		};
		6AF967691D1019B5005AF466 /* Debug */ = {
			isa = XCBuildConfiguration;
			baseConfigurationReference = F5A64C605AC4FDE274925748 /* Pods-baisiAPP.debug.xcconfig */;
			buildSettings = {
				ASSETCATALOG_COMPILER_APPICON_NAME = AppIcon;
				ASSETCATALOG_COMPILER_LAUNCHIMAGE_NAME = "Brand Assets";
				CODE_SIGN_IDENTITY = "iPhone Developer";
				GCC_PREFIX_HEADER = baisiAPP/Classes/Other/baisiAPP.pch;
				INFOPLIST_FILE = baisiAPP/Info.plist;
				IPHONEOS_DEPLOYMENT_TARGET = 8.0;
				LD_RUNPATH_SEARCH_PATHS = "$(inherited) @executable_path/Frameworks";
				PRODUCT_BUNDLE_IDENTIFIER = com.timoryang.baisiAPP;
				PRODUCT_NAME = "$(TARGET_NAME)";
			};
			name = Debug;
		};
		6AF9676A1D1019B5005AF466 /* Release */ = {
			isa = XCBuildConfiguration;
			baseConfigurationReference = E7F08334DA64ADE38A00B9F6 /* Pods-baisiAPP.release.xcconfig */;
			buildSettings = {
				ASSETCATALOG_COMPILER_APPICON_NAME = AppIcon;
				ASSETCATALOG_COMPILER_LAUNCHIMAGE_NAME = "Brand Assets";
				CODE_SIGN_IDENTITY = "iPhone Developer";
				GCC_PREFIX_HEADER = baisiAPP/Classes/Other/baisiAPP.pch;
				INFOPLIST_FILE = baisiAPP/Info.plist;
				IPHONEOS_DEPLOYMENT_TARGET = 8.0;
				LD_RUNPATH_SEARCH_PATHS = "$(inherited) @executable_path/Frameworks";
				PRODUCT_BUNDLE_IDENTIFIER = com.timoryang.baisiAPP;
				PRODUCT_NAME = "$(TARGET_NAME)";
			};
			name = Release;
		};
/* End XCBuildConfiguration section */

/* Begin XCConfigurationList section */
		6AF9674C1D1019B4005AF466 /* Build configuration list for PBXProject "baisiAPP" */ = {
			isa = XCConfigurationList;
			buildConfigurations = (
				6AF967661D1019B5005AF466 /* Debug */,
				6AF967671D1019B5005AF466 /* Release */,
			);
			defaultConfigurationIsVisible = 0;
			defaultConfigurationName = Release;
		};
		6AF967681D1019B5005AF466 /* Build configuration list for PBXNativeTarget "baisiAPP" */ = {
			isa = XCConfigurationList;
			buildConfigurations = (
				6AF967691D1019B5005AF466 /* Debug */,
				6AF9676A1D1019B5005AF466 /* Release */,
			);
			defaultConfigurationIsVisible = 0;
			defaultConfigurationName = Release;
		};
/* End XCConfigurationList section */
	};
	rootObject = 6AF967491D1019B4005AF466 /* Project object */;
}
