// !$*UTF8*$!
{
	archiveVersion = 1;
	classes = {
	};
	objectVersion = 46;
	objects = {

/* Begin PBXBuildFile section */
		6A33AC071D10603F00AAFBBF /* UIImage+Image.m in Sources */ = {isa = PBXBuildFile; fileRef = 6A33AC061D10603F00AAFBBF /* UIImage+Image.m */; };
		6AF967611D1019B5005AF466 /* Assets.xcassets in Resources */ = {isa = PBXBuildFile; fileRef = 6AF967601D1019B5005AF466 /* Assets.xcassets */; };
		6AF967641D1019B5005AF466 /* LaunchScreen.storyboard in Resources */ = {isa = PBXBuildFile; fileRef = 6AF967621D1019B5005AF466 /* LaunchScreen.storyboard */; };
		6AF9678B1D102CFA005AF466 /* AppDelegate.m in Sources */ = {isa = PBXBuildFile; fileRef = 6AF967841D102CFA005AF466 /* AppDelegate.m */; };
		6AF9678C1D102CFA005AF466 /* main.m in Sources */ = {isa = PBXBuildFile; fileRef = 6AF967851D102CFA005AF466 /* main.m */; };
		6AF9678F1D102DBE005AF466 /* TYTabBarController.m in Sources */ = {isa = PBXBuildFile; fileRef = 6AF9678E1D102DBE005AF466 /* TYTabBarController.m */; };
		6AF967951D102F2C005AF466 /* TYEssenceVC.m in Sources */ = {isa = PBXBuildFile; fileRef = 6AF967941D102F2C005AF466 /* TYEssenceVC.m */; };
		6AF967981D102F4A005AF466 /* TYFriendTrendVC.m in Sources */ = {isa = PBXBuildFile; fileRef = 6AF967971D102F4A005AF466 /* TYFriendTrendVC.m */; };
		6AF9679B1D102F6C005AF466 /* TYNewVC.m in Sources */ = {isa = PBXBuildFile; fileRef = 6AF9679A1D102F6C005AF466 /* TYNewVC.m */; };
		6AF9679E1D103056005AF466 /* TYPublishVC.m in Sources */ = {isa = PBXBuildFile; fileRef = 6AF9679D1D103056005AF466 /* TYPublishVC.m */; };
		6AF967A11D1030F4005AF466 /* TYMeVC.m in Sources */ = {isa = PBXBuildFile; fileRef = 6AF967A01D1030F4005AF466 /* TYMeVC.m */; };
/* End PBXBuildFile section */

/* Begin PBXFileReference section */
		6A33AC051D10603F00AAFBBF /* UIImage+Image.h */ = {isa = PBXFileReference; fileEncoding = 4; lastKnownFileType = sourcecode.c.h; path = "UIImage+Image.h"; sourceTree = "<group>"; };
		6A33AC061D10603F00AAFBBF /* UIImage+Image.m */ = {isa = PBXFileReference; fileEncoding = 4; lastKnownFileType = sourcecode.c.objc; path = "UIImage+Image.m"; sourceTree = "<group>"; };
		6AF967511D1019B4005AF466 /* baisiAPP.app */ = {isa = PBXFileReference; explicitFileType = wrapper.application; includeInIndex = 0; path = baisiAPP.app; sourceTree = BUILT_PRODUCTS_DIR; };
		6AF967601D1019B5005AF466 /* Assets.xcassets */ = {isa = PBXFileReference; lastKnownFileType = folder.assetcatalog; path = Assets.xcassets; sourceTree = "<group>"; };
		6AF967631D1019B5005AF466 /* Base */ = {isa = PBXFileReference; lastKnownFileType = file.storyboard; name = Base; path = Base.lproj/LaunchScreen.storyboard; sourceTree = "<group>"; };
		6AF967651D1019B5005AF466 /* Info.plist */ = {isa = PBXFileReference; lastKnownFileType = text.plist.xml; path = Info.plist; sourceTree = "<group>"; };
		6AF967831D102CFA005AF466 /* AppDelegate.h */ = {isa = PBXFileReference; fileEncoding = 4; lastKnownFileType = sourcecode.c.h; path = AppDelegate.h; sourceTree = "<group>"; };
		6AF967841D102CFA005AF466 /* AppDelegate.m */ = {isa = PBXFileReference; fileEncoding = 4; lastKnownFileType = sourcecode.c.objc; path = AppDelegate.m; sourceTree = "<group>"; };
		6AF967851D102CFA005AF466 /* main.m */ = {isa = PBXFileReference; fileEncoding = 4; lastKnownFileType = sourcecode.c.objc; path = main.m; sourceTree = "<group>"; };
		6AF9678D1D102DBE005AF466 /* TYTabBarController.h */ = {isa = PBXFileReference; fileEncoding = 4; lastKnownFileType = sourcecode.c.h; path = TYTabBarController.h; sourceTree = "<group>"; };
		6AF9678E1D102DBE005AF466 /* TYTabBarController.m */ = {isa = PBXFileReference; fileEncoding = 4; lastKnownFileType = sourcecode.c.objc; path = TYTabBarController.m; sourceTree = "<group>"; };
		6AF967931D102F2C005AF466 /* TYEssenceVC.h */ = {isa = PBXFileReference; fileEncoding = 4; lastKnownFileType = sourcecode.c.h; path = TYEssenceVC.h; sourceTree = "<group>"; };
		6AF967941D102F2C005AF466 /* TYEssenceVC.m */ = {isa = PBXFileReference; fileEncoding = 4; lastKnownFileType = sourcecode.c.objc; path = TYEssenceVC.m; sourceTree = "<group>"; };
		6AF967961D102F4A005AF466 /* TYFriendTrendVC.h */ = {isa = PBXFileReference; fileEncoding = 4; lastKnownFileType = sourcecode.c.h; path = TYFriendTrendVC.h; sourceTree = "<group>"; };
		6AF967971D102F4A005AF466 /* TYFriendTrendVC.m */ = {isa = PBXFileReference; fileEncoding = 4; lastKnownFileType = sourcecode.c.objc; path = TYFriendTrendVC.m; sourceTree = "<group>"; };
		6AF967991D102F6C005AF466 /* TYNewVC.h */ = {isa = PBXFileReference; fileEncoding = 4; lastKnownFileType = sourcecode.c.h; path = TYNewVC.h; sourceTree = "<group>"; };
		6AF9679A1D102F6C005AF466 /* TYNewVC.m */ = {isa = PBXFileReference; fileEncoding = 4; lastKnownFileType = sourcecode.c.objc; path = TYNewVC.m; sourceTree = "<group>"; };
		6AF9679C1D103056005AF466 /* TYPublishVC.h */ = {isa = PBXFileReference; fileEncoding = 4; lastKnownFileType = sourcecode.c.h; path = TYPublishVC.h; sourceTree = "<group>"; };
		6AF9679D1D103056005AF466 /* TYPublishVC.m */ = {isa = PBXFileReference; fileEncoding = 4; lastKnownFileType = sourcecode.c.objc; path = TYPublishVC.m; sourceTree = "<group>"; };
		6AF9679F1D1030F4005AF466 /* TYMeVC.h */ = {isa = PBXFileReference; fileEncoding = 4; lastKnownFileType = sourcecode.c.h; path = TYMeVC.h; sourceTree = "<group>"; };
		6AF967A01D1030F4005AF466 /* TYMeVC.m */ = {isa = PBXFileReference; fileEncoding = 4; lastKnownFileType = sourcecode.c.objc; path = TYMeVC.m; sourceTree = "<group>"; };
/* End PBXFileReference section */

/* Begin PBXFrameworksBuildPhase section */
		6AF9674E1D1019B4005AF466 /* Frameworks */ = {
			isa = PBXFrameworksBuildPhase;
			buildActionMask = 2147483647;
			files = (
			);
			runOnlyForDeploymentPostprocessing = 0;
		};
/* End PBXFrameworksBuildPhase section */

/* Begin PBXGroup section */
		6A33AC011D105DAC00AAFBBF /* Category */ = {
			isa = PBXGroup;
			children = (
				6A33AC051D10603F00AAFBBF /* UIImage+Image.h */,
				6A33AC061D10603F00AAFBBF /* UIImage+Image.m */,
			);
			path = Category;
			sourceTree = "<group>";
		};
		6AF967481D1019B4005AF466 = {
			isa = PBXGroup;
			children = (
				6AF967531D1019B4005AF466 /* baisiAPP */,
				6AF967521D1019B4005AF466 /* Products */,
			);
			sourceTree = "<group>";
		};
		6AF967521D1019B4005AF466 /* Products */ = {
			isa = PBXGroup;
			children = (
				6AF967511D1019B4005AF466 /* baisiAPP.app */,
			);
			name = Products;
			sourceTree = "<group>";
		};
		6AF967531D1019B4005AF466 /* baisiAPP */ = {
			isa = PBXGroup;
			children = (
				6AF9676B1D102CFA005AF466 /* Classes */,
				6AF967601D1019B5005AF466 /* Assets.xcassets */,
				6AF967621D1019B5005AF466 /* LaunchScreen.storyboard */,
				6AF967651D1019B5005AF466 /* Info.plist */,
				6AF967541D1019B4005AF466 /* Supporting Files */,
			);
			path = baisiAPP;
			sourceTree = "<group>";
		};
		6AF967541D1019B4005AF466 /* Supporting Files */ = {
			isa = PBXGroup;
			children = (
			);
			name = "Supporting Files";
			sourceTree = "<group>";
		};
		6AF9676B1D102CFA005AF466 /* Classes */ = {
			isa = PBXGroup;
			children = (
				6AF9676C1D102CFA005AF466 /* Essence(精华) */,
				6AF9677E1D102CFA005AF466 /* New(新帖) */,
				6AF967861D102CFA005AF466 /* Publish(发布) */,
				6AF967701D102CFA005AF466 /* FriendTrend(关注) */,
				6AF9677A1D102CFA005AF466 /* Me(我) */,
				6AF967741D102CFA005AF466 /* Main */,
				6AF967821D102CFA005AF466 /* Other */,
			);
			path = Classes;
			sourceTree = "<group>";
		};
		6AF9676C1D102CFA005AF466 /* Essence(精华) */ = {
			isa = PBXGroup;
			children = (
				6AF9676D1D102CFA005AF466 /* Controller */,
				6AF9676E1D102CFA005AF466 /* Model */,
				6AF9676F1D102CFA005AF466 /* View */,
			);
			path = "Essence(精华)";
			sourceTree = "<group>";
		};
		6AF9676D1D102CFA005AF466 /* Controller */ = {
			isa = PBXGroup;
			children = (
				6AF967931D102F2C005AF466 /* TYEssenceVC.h */,
				6AF967941D102F2C005AF466 /* TYEssenceVC.m */,
			);
			path = Controller;
			sourceTree = "<group>";
		};
		6AF9676E1D102CFA005AF466 /* Model */ = {
			isa = PBXGroup;
			children = (
			);
			path = Model;
			sourceTree = "<group>";
		};
		6AF9676F1D102CFA005AF466 /* View */ = {
			isa = PBXGroup;
			children = (
			);
			path = View;
			sourceTree = "<group>";
		};
		6AF967701D102CFA005AF466 /* FriendTrend(关注) */ = {
			isa = PBXGroup;
			children = (
				6AF967711D102CFA005AF466 /* Controller */,
				6AF967721D102CFA005AF466 /* Model */,
				6AF967731D102CFA005AF466 /* View */,
			);
			path = "FriendTrend(关注)";
			sourceTree = "<group>";
		};
		6AF967711D102CFA005AF466 /* Controller */ = {
			isa = PBXGroup;
			children = (
				6AF967961D102F4A005AF466 /* TYFriendTrendVC.h */,
				6AF967971D102F4A005AF466 /* TYFriendTrendVC.m */,
			);
			path = Controller;
			sourceTree = "<group>";
		};
		6AF967721D102CFA005AF466 /* Model */ = {
			isa = PBXGroup;
			children = (
			);
			path = Model;
			sourceTree = "<group>";
		};
		6AF967731D102CFA005AF466 /* View */ = {
			isa = PBXGroup;
			children = (
			);
			path = View;
			sourceTree = "<group>";
		};
		6AF967741D102CFA005AF466 /* Main */ = {
			isa = PBXGroup;
			children = (
				6AF967751D102CFA005AF466 /* Controller */,
				6AF967761D102CFA005AF466 /* Model */,
				6AF967771D102CFA005AF466 /* View */,
			);
			path = Main;
			sourceTree = "<group>";
		};
		6AF967751D102CFA005AF466 /* Controller */ = {
			isa = PBXGroup;
			children = (
				6AF9678D1D102DBE005AF466 /* TYTabBarController.h */,
				6AF9678E1D102DBE005AF466 /* TYTabBarController.m */,
			);
			path = Controller;
			sourceTree = "<group>";
		};
		6AF967761D102CFA005AF466 /* Model */ = {
			isa = PBXGroup;
			children = (
			);
			path = Model;
			sourceTree = "<group>";
		};
		6AF967771D102CFA005AF466 /* View */ = {
			isa = PBXGroup;
			children = (
			);
			path = View;
			sourceTree = "<group>";
		};
		6AF9677A1D102CFA005AF466 /* Me(我) */ = {
			isa = PBXGroup;
			children = (
				6AF9677B1D102CFA005AF466 /* Controller */,
				6AF9677C1D102CFA005AF466 /* Model */,
				6AF9677D1D102CFA005AF466 /* View */,
			);
			path = "Me(我)";
			sourceTree = "<group>";
		};
		6AF9677B1D102CFA005AF466 /* Controller */ = {
			isa = PBXGroup;
			children = (
				6AF9679F1D1030F4005AF466 /* TYMeVC.h */,
				6AF967A01D1030F4005AF466 /* TYMeVC.m */,
			);
			path = Controller;
			sourceTree = "<group>";
		};
		6AF9677C1D102CFA005AF466 /* Model */ = {
			isa = PBXGroup;
			children = (
			);
			path = Model;
			sourceTree = "<group>";
		};
		6AF9677D1D102CFA005AF466 /* View */ = {
			isa = PBXGroup;
			children = (
			);
			path = View;
			sourceTree = "<group>";
		};
		6AF9677E1D102CFA005AF466 /* New(新帖) */ = {
			isa = PBXGroup;
			children = (
				6AF9677F1D102CFA005AF466 /* Controller */,
				6AF967801D102CFA005AF466 /* Model */,
				6AF967811D102CFA005AF466 /* View */,
			);
			path = "New(新帖)";
			sourceTree = "<group>";
		};
		6AF9677F1D102CFA005AF466 /* Controller */ = {
			isa = PBXGroup;
			children = (
				6AF967991D102F6C005AF466 /* TYNewVC.h */,
				6AF9679A1D102F6C005AF466 /* TYNewVC.m */,
			);
			path = Controller;
			sourceTree = "<group>";
		};
		6AF967801D102CFA005AF466 /* Model */ = {
			isa = PBXGroup;
			children = (
			);
			path = Model;
			sourceTree = "<group>";
		};
		6AF967811D102CFA005AF466 /* View */ = {
			isa = PBXGroup;
			children = (
			);
			path = View;
			sourceTree = "<group>";
		};
		6AF967821D102CFA005AF466 /* Other */ = {
			isa = PBXGroup;
			children = (
				6A33AC011D105DAC00AAFBBF /* Category */,
				6AF967831D102CFA005AF466 /* AppDelegate.h */,
				6AF967841D102CFA005AF466 /* AppDelegate.m */,
				6AF967851D102CFA005AF466 /* main.m */,
			);
			path = Other;
			sourceTree = "<group>";
		};
		6AF967861D102CFA005AF466 /* Publish(发布) */ = {
			isa = PBXGroup;
			children = (
				6AF967871D102CFA005AF466 /* Controller */,
				6AF967881D102CFA005AF466 /* Model */,
				6AF967891D102CFA005AF466 /* View */,
			);
			path = "Publish(发布)";
			sourceTree = "<group>";
		};
		6AF967871D102CFA005AF466 /* Controller */ = {
			isa = PBXGroup;
			children = (
				6AF9679C1D103056005AF466 /* TYPublishVC.h */,
				6AF9679D1D103056005AF466 /* TYPublishVC.m */,
			);
			path = Controller;
			sourceTree = "<group>";
		};
		6AF967881D102CFA005AF466 /* Model */ = {
			isa = PBXGroup;
			children = (
			);
			path = Model;
			sourceTree = "<group>";
		};
		6AF967891D102CFA005AF466 /* View */ = {
			isa = PBXGroup;
			children = (
			);
			path = View;
			sourceTree = "<group>";
		};
/* End PBXGroup section */

/* Begin PBXNativeTarget section */
		6AF967501D1019B4005AF466 /* baisiAPP */ = {
			isa = PBXNativeTarget;
			buildConfigurationList = 6AF967681D1019B5005AF466 /* Build configuration list for PBXNativeTarget "baisiAPP" */;
			buildPhases = (
				6AF9674D1D1019B4005AF466 /* Sources */,
				6AF9674E1D1019B4005AF466 /* Frameworks */,
				6AF9674F1D1019B4005AF466 /* Resources */,
			);
			buildRules = (
			);
			dependencies = (
			);
			name = baisiAPP;
			productName = baisiAPP;
			productReference = 6AF967511D1019B4005AF466 /* baisiAPP.app */;
			productType = "com.apple.product-type.application";
		};
/* End PBXNativeTarget section */

/* Begin PBXProject section */
		6AF967491D1019B4005AF466 /* Project object */ = {
			isa = PBXProject;
			attributes = {
				CLASSPREFIX = TY;
				LastUpgradeCheck = 0720;
				ORGANIZATIONNAME = TimorYang;
				TargetAttributes = {
					6AF967501D1019B4005AF466 = {
						CreatedOnToolsVersion = 7.2;
					};
				};
			};
			buildConfigurationList = 6AF9674C1D1019B4005AF466 /* Build configuration list for PBXProject "baisiAPP" */;
			compatibilityVersion = "Xcode 3.2";
			developmentRegion = English;
			hasScannedForEncodings = 0;
			knownRegions = (
				en,
				Base,
			);
			mainGroup = 6AF967481D1019B4005AF466;
			productRefGroup = 6AF967521D1019B4005AF466 /* Products */;
			projectDirPath = "";
			projectRoot = "";
			targets = (
				6AF967501D1019B4005AF466 /* baisiAPP */,
			);
		};
/* End PBXProject section */

/* Begin PBXResourcesBuildPhase section */
		6AF9674F1D1019B4005AF466 /* Resources */ = {
			isa = PBXResourcesBuildPhase;
			buildActionMask = 2147483647;
			files = (
				6AF967641D1019B5005AF466 /* LaunchScreen.storyboard in Resources */,
				6AF967611D1019B5005AF466 /* Assets.xcassets in Resources */,
			);
			runOnlyForDeploymentPostprocessing = 0;
		};
/* End PBXResourcesBuildPhase section */

/* Begin PBXSourcesBuildPhase section */
		6AF9674D1D1019B4005AF466 /* Sources */ = {
			isa = PBXSourcesBuildPhase;
			buildActionMask = 2147483647;
			files = (
				6AF967981D102F4A005AF466 /* TYFriendTrendVC.m in Sources */,
				6AF967951D102F2C005AF466 /* TYEssenceVC.m in Sources */,
				6AF9678F1D102DBE005AF466 /* TYTabBarController.m in Sources */,
				6A33AC071D10603F00AAFBBF /* UIImage+Image.m in Sources */,
				6AF967A11D1030F4005AF466 /* TYMeVC.m in Sources */,
				6AF9678B1D102CFA005AF466 /* AppDelegate.m in Sources */,
				6AF9679B1D102F6C005AF466 /* TYNewVC.m in Sources */,
				6AF9678C1D102CFA005AF466 /* main.m in Sources */,
				6AF9679E1D103056005AF466 /* TYPublishVC.m in Sources */,
			);
			runOnlyForDeploymentPostprocessing = 0;
		};
/* End PBXSourcesBuildPhase section */

/* Begin PBXVariantGroup section */
		6AF967621D1019B5005AF466 /* LaunchScreen.storyboard */ = {
			isa = PBXVariantGroup;
			children = (
				6AF967631D1019B5005AF466 /* Base */,
			);
			name = LaunchScreen.storyboard;
			sourceTree = "<group>";
		};
/* End PBXVariantGroup section */

/* Begin XCBuildConfiguration section */
		6AF967661D1019B5005AF466 /* Debug */ = {
			isa = XCBuildConfiguration;
			buildSettings = {
				ALWAYS_SEARCH_USER_PATHS = NO;
				CLANG_CXX_LANGUAGE_STANDARD = "gnu++0x";
				CLANG_CXX_LIBRARY = "libc++";
				CLANG_ENABLE_MODULES = YES;
				CLANG_ENABLE_OBJC_ARC = YES;
				CLANG_WARN_BOOL_CONVERSION = YES;
				CLANG_WARN_CONSTANT_CONVERSION = YES;
				CLANG_WARN_DIRECT_OBJC_ISA_USAGE = YES_ERROR;
				CLANG_WARN_EMPTY_BODY = YES;
				CLANG_WARN_ENUM_CONVERSION = YES;
				CLANG_WARN_INT_CONVERSION = YES;
				CLANG_WARN_OBJC_ROOT_CLASS = YES_ERROR;
				CLANG_WARN_UNREACHABLE_CODE = YES;
				CLANG_WARN__DUPLICATE_METHOD_MATCH = YES;
				"CODE_SIGN_IDENTITY[sdk=iphoneos*]" = "iPhone Developer";
				COPY_PHASE_STRIP = NO;
				DEBUG_INFORMATION_FORMAT = dwarf;
				ENABLE_STRICT_OBJC_MSGSEND = YES;
				ENABLE_TESTABILITY = YES;
				GCC_C_LANGUAGE_STANDARD = gnu99;
				GCC_DYNAMIC_NO_PIC = NO;
				GCC_NO_COMMON_BLOCKS = YES;
				GCC_OPTIMIZATION_LEVEL = 0;
				GCC_PREPROCESSOR_DEFINITIONS = (
					"DEBUG=1",
					"$(inherited)",
				);
				GCC_WARN_64_TO_32_BIT_CONVERSION = YES;
				GCC_WARN_ABOUT_RETURN_TYPE = YES_ERROR;
				GCC_WARN_UNDECLARED_SELECTOR = YES;
				GCC_WARN_UNINITIALIZED_AUTOS = YES_AGGRESSIVE;
				GCC_WARN_UNUSED_FUNCTION = YES;
				GCC_WARN_UNUSED_VARIABLE = YES;
				IPHONEOS_DEPLOYMENT_TARGET = 9.2;
				MTL_ENABLE_DEBUG_INFO = YES;
				ONLY_ACTIVE_ARCH = YES;
				SDKROOT = iphoneos;
			};
			name = Debug;
		};
		6AF967671D1019B5005AF466 /* Release */ = {
			isa = XCBuildConfiguration;
			buildSettings = {
				ALWAYS_SEARCH_USER_PATHS = NO;
				CLANG_CXX_LANGUAGE_STANDARD = "gnu++0x";
				CLANG_CXX_LIBRARY = "libc++";
				CLANG_ENABLE_MODULES = YES;
				CLANG_ENABLE_OBJC_ARC = YES;
				CLANG_WARN_BOOL_CONVERSION = YES;
				CLANG_WARN_CONSTANT_CONVERSION = YES;
				CLANG_WARN_DIRECT_OBJC_ISA_USAGE = YES_ERROR;
				CLANG_WARN_EMPTY_BODY = YES;
				CLANG_WARN_ENUM_CONVERSION = YES;
				CLANG_WARN_INT_CONVERSION = YES;
				CLANG_WARN_OBJC_ROOT_CLASS = YES_ERROR;
				CLANG_WARN_UNREACHABLE_CODE = YES;
				CLANG_WARN__DUPLICATE_METHOD_MATCH = YES;
				"CODE_SIGN_IDENTITY[sdk=iphoneos*]" = "iPhone Developer";
				COPY_PHASE_STRIP = NO;
				DEBUG_INFORMATION_FORMAT = "dwarf-with-dsym";
				ENABLE_NS_ASSERTIONS = NO;
				ENABLE_STRICT_OBJC_MSGSEND = YES;
				GCC_C_LANGUAGE_STANDARD = gnu99;
				GCC_NO_COMMON_BLOCKS = YES;
				GCC_WARN_64_TO_32_BIT_CONVERSION = YES;
				GCC_WARN_ABOUT_RETURN_TYPE = YES_ERROR;
				GCC_WARN_UNDECLARED_SELECTOR = YES;
				GCC_WARN_UNINITIALIZED_AUTOS = YES_AGGRESSIVE;
				GCC_WARN_UNUSED_FUNCTION = YES;
				GCC_WARN_UNUSED_VARIABLE = YES;
				IPHONEOS_DEPLOYMENT_TARGET = 9.2;
				MTL_ENABLE_DEBUG_INFO = NO;
				SDKROOT = iphoneos;
				VALIDATE_PRODUCT = YES;
			};
			name = Release;
		};
		6AF967691D1019B5005AF466 /* Debug */ = {
			isa = XCBuildConfiguration;
			buildSettings = {
				ASSETCATALOG_COMPILER_APPICON_NAME = AppIcon;
				ASSETCATALOG_COMPILER_LAUNCHIMAGE_NAME = "Brand Assets";
				CODE_SIGN_IDENTITY = "iPhone Developer";
				INFOPLIST_FILE = baisiAPP/Info.plist;
				IPHONEOS_DEPLOYMENT_TARGET = 8.0;
				LD_RUNPATH_SEARCH_PATHS = "$(inherited) @executable_path/Frameworks";
				PRODUCT_BUNDLE_IDENTIFIER = com.timoryang.baisiAPP;
				PRODUCT_NAME = "$(TARGET_NAME)";
			};
			name = Debug;
		};
		6AF9676A1D1019B5005AF466 /* Release */ = {
			isa = XCBuildConfiguration;
			buildSettings = {
				ASSETCATALOG_COMPILER_APPICON_NAME = AppIcon;
				ASSETCATALOG_COMPILER_LAUNCHIMAGE_NAME = "Brand Assets";
				CODE_SIGN_IDENTITY = "iPhone Developer";
				INFOPLIST_FILE = baisiAPP/Info.plist;
				IPHONEOS_DEPLOYMENT_TARGET = 8.0;
				LD_RUNPATH_SEARCH_PATHS = "$(inherited) @executable_path/Frameworks";
				PRODUCT_BUNDLE_IDENTIFIER = com.timoryang.baisiAPP;
				PRODUCT_NAME = "$(TARGET_NAME)";
			};
			name = Release;
		};
/* End XCBuildConfiguration section */

/* Begin XCConfigurationList section */
		6AF9674C1D1019B4005AF466 /* Build configuration list for PBXProject "baisiAPP" */ = {
			isa = XCConfigurationList;
			buildConfigurations = (
				6AF967661D1019B5005AF466 /* Debug */,
				6AF967671D1019B5005AF466 /* Release */,
			);
			defaultConfigurationIsVisible = 0;
			defaultConfigurationName = Release;
		};
		6AF967681D1019B5005AF466 /* Build configuration list for PBXNativeTarget "baisiAPP" */ = {
			isa = XCConfigurationList;
			buildConfigurations = (
				6AF967691D1019B5005AF466 /* Debug */,
				6AF9676A1D1019B5005AF466 /* Release */,
			);
			defaultConfigurationIsVisible = 0;
			defaultConfigurationName = Release;
		};
/* End XCConfigurationList section */
	};
	rootObject = 6AF967491D1019B4005AF466 /* Project object */;
}
